// !$*UTF8*$!
{
	archiveVersion = 1;
	classes = {
	};
	objectVersion = 50;
	objects = {

/* Begin PBXBuildFile section */
		66745AC420C33AF800F91F66 /* AppDelegate.swift in Sources */ = {isa = PBXBuildFile; fileRef = 66745AC320C33AF800F91F66 /* AppDelegate.swift */; };
		66745AC620C33AF800F91F66 /* ViewController.swift in Sources */ = {isa = PBXBuildFile; fileRef = 66745AC520C33AF800F91F66 /* ViewController.swift */; };
		66745AC920C33AF800F91F66 /* Main.storyboard in Resources */ = {isa = PBXBuildFile; fileRef = 66745AC720C33AF800F91F66 /* Main.storyboard */; };
		66745ACB20C33AFB00F91F66 /* Assets.xcassets in Resources */ = {isa = PBXBuildFile; fileRef = 66745ACA20C33AFB00F91F66 /* Assets.xcassets */; };
		66745ACE20C33AFB00F91F66 /* LaunchScreen.storyboard in Resources */ = {isa = PBXBuildFile; fileRef = 66745ACC20C33AFB00F91F66 /* LaunchScreen.storyboard */; };
		66745ADA20C6077700F91F66 /* barViewController.swift in Sources */ = {isa = PBXBuildFile; fileRef = 66745AD920C6077700F91F66 /* barViewController.swift */; };
/* End PBXBuildFile section */

/* Begin PBXFileReference section */
		66745AC020C33AF800F91F66 /* circleScroll.app */ = {isa = PBXFileReference; explicitFileType = wrapper.application; includeInIndex = 0; path = circleScroll.app; sourceTree = BUILT_PRODUCTS_DIR; };
		66745AC320C33AF800F91F66 /* AppDelegate.swift */ = {isa = PBXFileReference; lastKnownFileType = sourcecode.swift; path = AppDelegate.swift; sourceTree = "<group>"; };
		66745AC520C33AF800F91F66 /* ViewController.swift */ = {isa = PBXFileReference; lastKnownFileType = sourcecode.swift; path = ViewController.swift; sourceTree = "<group>"; };
		66745AC820C33AF800F91F66 /* Base */ = {isa = PBXFileReference; lastKnownFileType = file.storyboard; name = Base; path = Base.lproj/Main.storyboard; sourceTree = "<group>"; };
		66745ACA20C33AFB00F91F66 /* Assets.xcassets */ = {isa = PBXFileReference; lastKnownFileType = folder.assetcatalog; path = Assets.xcassets; sourceTree = "<group>"; };
		66745ACD20C33AFB00F91F66 /* Base */ = {isa = PBXFileReference; lastKnownFileType = file.storyboard; name = Base; path = Base.lproj/LaunchScreen.storyboard; sourceTree = "<group>"; };
		66745ACF20C33AFB00F91F66 /* Info.plist */ = {isa = PBXFileReference; lastKnownFileType = text.plist.xml; path = Info.plist; sourceTree = "<group>"; };
		66745AD920C6077700F91F66 /* barViewController.swift */ = {isa = PBXFileReference; lastKnownFileType = sourcecode.swift; path = barViewController.swift; sourceTree = "<group>"; };
/* End PBXFileReference section */

/* Begin PBXFrameworksBuildPhase section */
		66745ABD20C33AF800F91F66 /* Frameworks */ = {
			isa = PBXFrameworksBuildPhase;
			buildActionMask = 2147483647;
			files = (
			);
			runOnlyForDeploymentPostprocessing = 0;
		};
/* End PBXFrameworksBuildPhase section */

/* Begin PBXGroup section */
		66745AB720C33AF800F91F66 = {
			isa = PBXGroup;
			children = (
				66745AC220C33AF800F91F66 /* circleScroll */,
				66745AC120C33AF800F91F66 /* Products */,
			);
			sourceTree = "<group>";
		};
		66745AC120C33AF800F91F66 /* Products */ = {
			isa = PBXGroup;
			children = (
				66745AC020C33AF800F91F66 /* circleScroll.app */,
			);
			name = Products;
			sourceTree = "<group>";
		};
		66745AC220C33AF800F91F66 /* circleScroll */ = {
			isa = PBXGroup;
			children = (
				66745AC320C33AF800F91F66 /* AppDelegate.swift */,
				66745AC520C33AF800F91F66 /* ViewController.swift */,
				66745AD920C6077700F91F66 /* barViewController.swift */,
				66745AC720C33AF800F91F66 /* Main.storyboard */,
				66745ACA20C33AFB00F91F66 /* Assets.xcassets */,
				66745ACC20C33AFB00F91F66 /* LaunchScreen.storyboard */,
				66745ACF20C33AFB00F91F66 /* Info.plist */,
			);
			path = circleScroll;
			sourceTree = "<group>";
		};
/* End PBXGroup section */

/* Begin PBXNativeTarget section */
		66745ABF20C33AF800F91F66 /* circleScroll */ = {
			isa = PBXNativeTarget;
			buildConfigurationList = 66745AD220C33AFB00F91F66 /* Build configuration list for PBXNativeTarget "circleScroll" */;
			buildPhases = (
				66745ABC20C33AF800F91F66 /* Sources */,
				66745ABD20C33AF800F91F66 /* Frameworks */,
				66745ABE20C33AF800F91F66 /* Resources */,
			);
			buildRules = (
			);
			dependencies = (
			);
			name = circleScroll;
			productName = circleScroll;
			productReference = 66745AC020C33AF800F91F66 /* circleScroll.app */;
			productType = "com.apple.product-type.application";
		};
/* End PBXNativeTarget section */

/* Begin PBXProject section */
		66745AB820C33AF800F91F66 /* Project object */ = {
			isa = PBXProject;
			attributes = {
				LastSwiftUpdateCheck = 0940;
				LastUpgradeCheck = 0940;
				ORGANIZATIONNAME = meera;
				TargetAttributes = {
					66745ABF20C33AF800F91F66 = {
						CreatedOnToolsVersion = 9.4;
					};
				};
			};
			buildConfigurationList = 66745ABB20C33AF800F91F66 /* Build configuration list for PBXProject "circleScroll" */;
			compatibilityVersion = "Xcode 9.3";
			developmentRegion = en;
			hasScannedForEncodings = 0;
			knownRegions = (
				en,
				Base,
			);
			mainGroup = 66745AB720C33AF800F91F66;
			productRefGroup = 66745AC120C33AF800F91F66 /* Products */;
			projectDirPath = "";
			projectRoot = "";
			targets = (
				66745ABF20C33AF800F91F66 /* circleScroll */,
			);
		};
/* End PBXProject section */

/* Begin PBXResourcesBuildPhase section */
		66745ABE20C33AF800F91F66 /* Resources */ = {
			isa = PBXResourcesBuildPhase;
			buildActionMask = 2147483647;
			files = (
				66745ACE20C33AFB00F91F66 /* LaunchScreen.storyboard in Resources */,
				66745ACB20C33AFB00F91F66 /* Assets.xcassets in Resources */,
				66745AC920C33AF800F91F66 /* Main.storyboard in Resources */,
			);
			runOnlyForDeploymentPostprocessing = 0;
		};
/* End PBXResourcesBuildPhase section */

/* Begin PBXSourcesBuildPhase section */
		66745ABC20C33AF800F91F66 /* Sources */ = {
			isa = PBXSourcesBuildPhase;
			buildActionMask = 2147483647;
			files = (
				66745AC620C33AF800F91F66 /* ViewController.swift in Sources */,
				66745AC420C33AF800F91F66 /* AppDelegate.swift in Sources */,
				66745ADA20C6077700F91F66 /* barViewController.swift in Sources */,
			);
			runOnlyForDeploymentPostprocessing = 0;
		};
/* End PBXSourcesBuildPhase section */

/* Begin PBXVariantGroup section */
		66745AC720C33AF800F91F66 /* Main.storyboard */ = {
			isa = PBXVariantGroup;
			children = (
				66745AC820C33AF800F91F66 /* Base */,
			);
			name = Main.storyboard;
			sourceTree = "<group>";
		};
		66745ACC20C33AFB00F91F66 /* LaunchScreen.storyboard */ = {
			isa = PBXVariantGroup;
			children = (
				66745ACD20C33AFB00F91F66 /* Base */,
			);
			name = LaunchScreen.storyboard;
			sourceTree = "<group>";
		};
/* End PBXVariantGroup section */

/* Begin XCBuildConfiguration section */
		66745AD020C33AFB00F91F66 /* Debug */ = {
			isa = XCBuildConfiguration;
			buildSettings = {
				ALWAYS_SEARCH_USER_PATHS = NO;
				CLANG_ANALYZER_NONNULL = YES;
				CLANG_ANALYZER_NUMBER_OBJECT_CONVERSION = YES_AGGRESSIVE;
				CLANG_CXX_LANGUAGE_STANDARD = "gnu++14";
				CLANG_CXX_LIBRARY = "libc++";
				CLANG_ENABLE_MODULES = YES;
				CLANG_ENABLE_OBJC_ARC = YES;
				CLANG_ENABLE_OBJC_WEAK = YES;
				CLANG_WARN_BLOCK_CAPTURE_AUTORELEASING = YES;
				CLANG_WARN_BOOL_CONVERSION = YES;
				CLANG_WARN_COMMA = YES;
				CLANG_WARN_CONSTANT_CONVERSION = YES;
				CLANG_WARN_DEPRECATED_OBJC_IMPLEMENTATIONS = YES;
				CLANG_WARN_DIRECT_OBJC_ISA_USAGE = YES_ERROR;
				CLANG_WARN_DOCUMENTATION_COMMENTS = YES;
				CLANG_WARN_EMPTY_BODY = YES;
				CLANG_WARN_ENUM_CONVERSION = YES;
				CLANG_WARN_INFINITE_RECURSION = YES;
				CLANG_WARN_INT_CONVERSION = YES;
				CLANG_WARN_NON_LITERAL_NULL_CONVERSION = YES;
				CLANG_WARN_OBJC_IMPLICIT_RETAIN_SELF = YES;
				CLANG_WARN_OBJC_LITERAL_CONVERSION = YES;
				CLANG_WARN_OBJC_ROOT_CLASS = YES_ERROR;
				CLANG_WARN_RANGE_LOOP_ANALYSIS = YES;
				CLANG_WARN_STRICT_PROTOTYPES = YES;
				CLANG_WARN_SUSPICIOUS_MOVE = YES;
				CLANG_WARN_UNGUARDED_AVAILABILITY = YES_AGGRESSIVE;
				CLANG_WARN_UNREACHABLE_CODE = YES;
				CLANG_WARN__DUPLICATE_METHOD_MATCH = YES;
				CODE_SIGN_IDENTITY = "iPhone Developer";
				COPY_PHASE_STRIP = NO;
				DEBUG_INFORMATION_FORMAT = dwarf;
				ENABLE_STRICT_OBJC_MSGSEND = YES;
				ENABLE_TESTABILITY = YES;
				GCC_C_LANGUAGE_STANDARD = gnu11;
				GCC_DYNAMIC_NO_PIC = NO;
				GCC_NO_COMMON_BLOCKS = YES;
				GCC_OPTIMIZATION_LEVEL = 0;
				GCC_PREPROCESSOR_DEFINITIONS = (
					"DEBUG=1",
					"$(inherited)",
				);
				GCC_WARN_64_TO_32_BIT_CONVERSION = YES;
				GCC_WARN_ABOUT_RETURN_TYPE = YES_ERROR;
				GCC_WARN_UNDECLARED_SELECTOR = YES;
				GCC_WARN_UNINITIALIZED_AUTOS = YES_AGGRESSIVE;
				GCC_WARN_UNUSED_FUNCTION = YES;
				GCC_WARN_UNUSED_VARIABLE = YES;
				IPHONEOS_DEPLOYMENT_TARGET = 11.4;
				MTL_ENABLE_DEBUG_INFO = YES;
				ONLY_ACTIVE_ARCH = YES;
				SDKROOT = iphoneos;
				SWIFT_ACTIVE_COMPILATION_CONDITIONS = DEBUG;
				SWIFT_OPTIMIZATION_LEVEL = "-Onone";
			};
			name = Debug;
		};
		66745AD120C33AFB00F91F66 /* Release */ = {
			isa = XCBuildConfiguration;
			buildSettings = {
				ALWAYS_SEARCH_USER_PATHS = NO;
				CLANG_ANALYZER_NONNULL = YES;
				CLANG_ANALYZER_NUMBER_OBJECT_CONVERSION = YES_AGGRESSIVE;
				CLANG_CXX_LANGUAGE_STANDARD = "gnu++14";
				CLANG_CXX_LIBRARY = "libc++";
				CLANG_ENABLE_MODULES = YES;
				CLANG_ENABLE_OBJC_ARC = YES;
				CLANG_ENABLE_OBJC_WEAK = YES;
				CLANG_WARN_BLOCK_CAPTURE_AUTORELEASING = YES;
				CLANG_WARN_BOOL_CONVERSION = YES;
				CLANG_WARN_COMMA = YES;
				CLANG_WARN_CONSTANT_CONVERSION = YES;
				CLANG_WARN_DEPRECATED_OBJC_IMPLEMENTATIONS = YES;
				CLANG_WARN_DIRECT_OBJC_ISA_USAGE = YES_ERROR;
				CLANG_WARN_DOCUMENTATION_COMMENTS = YES;
				CLANG_WARN_EMPTY_BODY = YES;
				CLANG_WARN_ENUM_CONVERSION = YES;
				CLANG_WARN_INFINITE_RECURSION = YES;
				CLANG_WARN_INT_CONVERSION = YES;
				CLANG_WARN_NON_LITERAL_NULL_CONVERSION = YES;
				CLANG_WARN_OBJC_IMPLICIT_RETAIN_SELF = YES;
				CLANG_WARN_OBJC_LITERAL_CONVERSION = YES;
				CLANG_WARN_OBJC_ROOT_CLASS = YES_ERROR;
				CLANG_WARN_RANGE_LOOP_ANALYSIS = YES;
				CLANG_WARN_STRICT_PROTOTYPES = YES;
				CLANG_WARN_SUSPICIOUS_MOVE = YES;
				CLANG_WARN_UNGUARDED_AVAILABILITY = YES_AGGRESSIVE;
				CLANG_WARN_UNREACHABLE_CODE = YES;
				CLANG_WARN__DUPLICATE_METHOD_MATCH = YES;
				CODE_SIGN_IDENTITY = "iPhone Developer";
				COPY_PHASE_STRIP = NO;
				DEBUG_INFORMATION_FORMAT = "dwarf-with-dsym";
				ENABLE_NS_ASSERTIONS = NO;
				ENABLE_STRICT_OBJC_MSGSEND = YES;
				GCC_C_LANGUAGE_STANDARD = gnu11;
				GCC_NO_COMMON_BLOCKS = YES;
				GCC_WARN_64_TO_32_BIT_CONVERSION = YES;
				GCC_WARN_ABOUT_RETURN_TYPE = YES_ERROR;
				GCC_WARN_UNDECLARED_SELECTOR = YES;
				GCC_WARN_UNINITIALIZED_AUTOS = YES_AGGRESSIVE;
				GCC_WARN_UNUSED_FUNCTION = YES;
				GCC_WARN_UNUSED_VARIABLE = YES;
				IPHONEOS_DEPLOYMENT_TARGET = 11.4;
				MTL_ENABLE_DEBUG_INFO = NO;
				SDKROOT = iphoneos;
				SWIFT_COMPILATION_MODE = wholemodule;
				SWIFT_OPTIMIZATION_LEVEL = "-O";
				VALIDATE_PRODUCT = YES;
			};
			name = Release;
		};
		66745AD320C33AFB00F91F66 /* Debug */ = {
			isa = XCBuildConfiguration;
			buildSettings = {
				ASSETCATALOG_COMPILER_APPICON_NAME = AppIcon;
				CODE_SIGN_STYLE = Automatic;
				DEVELOPMENT_TEAM = 8DDCRUXY46;
				INFOPLIST_FILE = circleScroll/Info.plist;
				LD_RUNPATH_SEARCH_PATHS = (
					"$(inherited)",
					"@executable_path/Frameworks",
				);
				PRODUCT_BUNDLE_IDENTIFIER = meera.circleScroll;
				PRODUCT_NAME = "$(TARGET_NAME)";
				SWIFT_VERSION = 4.0;
				TARGETED_DEVICE_FAMILY = "1,2";
			};
			name = Debug;
		};
		66745AD420C33AFB00F91F66 /* Release */ = {
			isa = XCBuildConfiguration;
			buildSettings = {
				ASSETCATALOG_COMPILER_APPICON_NAME = AppIcon;
				CODE_SIGN_STYLE = Automatic;
				DEVELOPMENT_TEAM = 8DDCRUXY46;
				INFOPLIST_FILE = circleScroll/Info.plist;
				LD_RUNPATH_SEARCH_PATHS = (
					"$(inherited)",
					"@executable_path/Frameworks",
				);
				PRODUCT_BUNDLE_IDENTIFIER = meera.circleScroll;
				PRODUCT_NAME = "$(TARGET_NAME)";
				SWIFT_VERSION = 4.0;
				TARGETED_DEVICE_FAMILY = "1,2";
			};
			name = Release;
		};
/* End XCBuildConfiguration section */

/* Begin XCConfigurationList section */
		66745ABB20C33AF800F91F66 /* Build configuration list for PBXProject "circleScroll" */ = {
			isa = XCConfigurationList;
			buildConfigurations = (
				66745AD020C33AFB00F91F66 /* Debug */,
				66745AD120C33AFB00F91F66 /* Release */,
			);
			defaultConfigurationIsVisible = 0;
			defaultConfigurationName = Release;
		};
		66745AD220C33AFB00F91F66 /* Build configuration list for PBXNativeTarget "circleScroll" */ = {
			isa = XCConfigurationList;
			buildConfigurations = (
				66745AD320C33AFB00F91F66 /* Debug */,
				66745AD420C33AFB00F91F66 /* Release */,
			);
			defaultConfigurationIsVisible = 0;
			defaultConfigurationName = Release;
		};
/* End XCConfigurationList section */
	};
	rootObject = 66745AB820C33AF800F91F66 /* Project object */;
}
